# @generated - this file is auto-generated by `mise lock` https://mise.jdx.dev/dev-tools/mise-lock.html

[[tools."github:victor-software-house/qctl"]]
version = "0.4.4"
backend = "github:victor-software-house/qctl"

[tools."github:victor-software-house/qctl"."platforms.linux-x64"]
checksum = "sha256:1bf045b16e2116b9a18cff86dc4066534439472a49d8b3891b07db5512c16a60"
url = "https://github.com/victor-software-house/qctl/releases/download/v0.4.4/qctl_0.4.4_linux_x64.tar.gz"
url_api = "https://api.github.com/repos/victor-software-house/qctl/releases/assets/584951917"

[tools."github:victor-software-house/qctl"."platforms.macos-arm64"]
checksum = "sha256:b0664ed2290eff61fed7d81c8f72a0be818ba1a49e6f24a1d04eddb5b4a96dee"
url = "https://github.com/victor-software-house/qctl/releases/download/v0.4.4/qctl_0.4.4_macos_arm64.tar.gz"
url_api = "https://api.github.com/repos/victor-software-house/qctl/releases/assets/584953069"

[[tools."github:victor-software-house/verctl"]]
version = "0.3.5"
backend = "github:victor-software-house/verctl"

[tools."github:victor-software-house/verctl"."platforms.linux-x64"]
checksum = "sha256:a904edae336503fbb389b6d4568068342e4ec6057b4ccc64dedc4fae227d6789"
url = "https://github.com/victor-software-house/verctl/releases/download/v0.3.5/verctl_0.3.5_linux_x64.tar.gz"
url_api = "https://api.github.com/repos/victor-software-house/verctl/releases/assets/588303680"

[tools."github:victor-software-house/verctl"."platforms.macos-arm64"]
checksum = "sha256:329345ea460c6dac8daf43f7939e4ca2beae4fc5b318ee92bba383a03671c202"
url = "https://github.com/victor-software-house/verctl/releases/download/v0.3.5/verctl_0.3.5_macos_arm64.tar.gz"
url_api = "https://api.github.com/repos/victor-software-house/verctl/releases/assets/588306874"
