# @generated - this file is auto-generated by `mise lock` https://mise.jdx.dev/dev-tools/mise-lock.html

[[tools."github:victor-software-house/qctl"]]
version = "0.4.4"
backend = "github:victor-software-house/qctl"

[tools."github:victor-software-house/qctl"."platforms.linux-x64"]
checksum = "sha256:1bf045b16e2116b9a18cff86dc4066534439472a49d8b3891b07db5512c16a60"
url = "https://github.com/victor-software-house/qctl/releases/download/v0.4.4/qctl_0.4.4_linux_x64.tar.gz"
url_api = "https://api.github.com/repos/victor-software-house/qctl/releases/assets/584951917"

[tools."github:victor-software-house/qctl"."platforms.macos-arm64"]
checksum = "sha256:b0664ed2290eff61fed7d81c8f72a0be818ba1a49e6f24a1d04eddb5b4a96dee"
url = "https://github.com/victor-software-house/qctl/releases/download/v0.4.4/qctl_0.4.4_macos_arm64.tar.gz"
url_api = "https://api.github.com/repos/victor-software-house/qctl/releases/assets/584953069"

[[tools."github:victor-software-house/verctl"]]
version = "0.3.3"
backend = "github:victor-software-house/verctl"

[tools."github:victor-software-house/verctl"."platforms.linux-x64"]
checksum = "sha256:813f012581582ebe1f543a45475b13647ac70e7c6d7dc840a59f5e4adbf8c22d"
url = "https://github.com/victor-software-house/verctl/releases/download/v0.3.3/verctl_0.3.3_linux_x64.tar.gz"
url_api = "https://api.github.com/repos/victor-software-house/verctl/releases/assets/584959810"

[tools."github:victor-software-house/verctl"."platforms.macos-arm64"]
checksum = "sha256:59d1ea602967d57975a53c2d13e82d2dbf683d65e860760149b207b9e1c2161c"
url = "https://github.com/victor-software-house/verctl/releases/download/v0.3.3/verctl_0.3.3_macos_arm64.tar.gz"
url_api = "https://api.github.com/repos/victor-software-house/verctl/releases/assets/584961025"
